
Microsoft Visual Studio Solution File, Format Version 12.00
# Visual Studio Version 17
VisualStudioVersion = 17.5.33530.505
MinimumVisualStudioVersion = 10.0.40219.1
Project("{FAE04EC0-301F-11D3-BF4B-00C04F79EFBC}") = "002_CodeRepetition", "..\..\..\..\source\repos\Pa5ha\NewRepo\002_CodeRepetition\002_CodeRepetition.csproj", "{FC2764F3-E2D6-4EFB-9B1B-28F0EC361E4C}"
EndProject
Project("{FAE04EC0-301F-11D3-BF4B-00C04F79EFBC}") = "003_CodeExplanation", "..\..\..\..\source\repos\Pa5ha\NewRepo\003_CodeExplanation\003_CodeExplanation.csproj", "{F75D6C8C-8EA7-4F14-8388-9467DD024DE1}"
EndProject
Project("{FAE04EC0-301F-11D3-BF4B-00C04F79EFBC}") = "004_Marker", "..\..\..\..\source\repos\Pa5ha\NewRepo\004_Marker\004_Marker.csproj", "{960BF559-2686-4F74-B3A8-4F8225CAECBA}"
EndProject
Project("{FAE04EC0-301F-11D3-BF4B-00C04F79EFBC}") = "005_Summary", "..\..\..\..\source\repos\Pa5ha\NewRepo\005_Summary\005_Summary.csproj", "{41D9DDC6-8F11-445C-BCF4-91C06EA3FC8F}"
EndProject
Project("{FAE04EC0-301F-11D3-BF4B-00C04F79EFBC}") = "006_CodeTarget", "..\..\..\..\source\repos\Pa5ha\NewRepo\006_CodeTarget\006_CodeTarget.csproj", "{A7326805-CBED-47ED-B275-D8B9A49491EC}"
EndProject
Project("{FAE04EC0-301F-11D3-BF4B-00C04F79EFBC}") = "007_MusicalScale", "..\..\..\..\source\repos\Pa5ha\NewRepo\007_MusicalScale\007_MusicalScale.csproj", "{C1611157-B2C7-4E74-B268-8EA288E9FB5B}"
EndProject
Project("{FAE04EC0-301F-11D3-BF4B-00C04F79EFBC}") = "008_ConsoleColors", "..\..\..\..\source\repos\Pa5ha\NewRepo\008_ConsoleColors\008_ConsoleColors.csproj", "{2564B180-D368-4450-8104-12AE4E6D4F5C}"
EndProject
Project("{FAE04EC0-301F-11D3-BF4B-00C04F79EFBC}") = "009_Pseudocode", "..\..\..\..\source\repos\Pa5ha\NewRepo\009_Pseudocode\009_Pseudocode.csproj", "{E9BD91D3-AF78-4DAE-B872-68F2B24E5F17}"
EndProject
Project("{FAE04EC0-301F-11D3-BF4B-00C04F79EFBC}") = "011_Alias", "..\..\..\..\source\repos\Pa5ha\NewRepo\011_Alias\011_Alias.csproj", "{663002E1-13B9-42E8-816B-6A0BEFD42FE8}"
EndProject
Project("{FAE04EC0-301F-11D3-BF4B-00C04F79EFBC}") = "011_ExplicitCasting", "..\..\..\..\source\repos\Pa5ha\NewRepo\011_ExplicitCasting\011_ExplicitCasting.csproj", "{9A656579-3184-437C-ADAD-2A8CD3052586}"
EndProject
Project("{FAE04EC0-301F-11D3-BF4B-00C04F79EFBC}") = "011_NegativeNumber", "..\..\..\..\source\repos\Pa5ha\NewRepo\011_NegativeNumber\011_NegativeNumber.csproj", "{D6074A85-01C8-4FC5-8836-764FFD32F124}"
EndProject
Project("{FAE04EC0-301F-11D3-BF4B-00C04F79EFBC}") = "011_SizeOfType", "..\..\..\..\source\repos\Pa5ha\NewRepo\011_SizeOfType\011_SizeOfType.csproj", "{9C051F27-4FBD-4A03-A158-6D65459E7A06}"
EndProject
Project("{FAE04EC0-301F-11D3-BF4B-00C04F79EFBC}") = "011_Suffixes", "..\..\..\..\source\repos\Pa5ha\NewRepo\011_Suffixes\011_Suffixes.csproj", "{99163656-AD0C-4EBA-9D97-A555CDEA63F7}"
EndProject
Project("{FAE04EC0-301F-11D3-BF4B-00C04F79EFBC}") = "011_SuffixF", "..\..\..\..\source\repos\Pa5ha\NewRepo\011_SuffixF\011_SuffixF.csproj", "{97A43173-FD10-41DA-884E-0E8D02685D7C}"
EndProject
Project("{FAE04EC0-301F-11D3-BF4B-00C04F79EFBC}") = "011_TypeConversion", "..\..\..\..\source\repos\Pa5ha\NewRepo\011_TypeConversion\011_TypeConversion.csproj", "{F0F16FE5-6B1E-4C7B-AAAC-5D3AD0A79D35}"
EndProject
Project("{FAE04EC0-301F-11D3-BF4B-00C04F79EFBC}") = "012(1)_NumericOperations", "..\..\..\..\source\repos\Pa5ha\NewRepo\012(1)_NumericOperations\012(1)_NumericOperations.csproj", "{CEA05C95-0234-4A52-BAAF-8FEC09F2EDE6}"
EndProject
Project("{FAE04EC0-301F-11D3-BF4B-00C04F79EFBC}") = "012(2)_AverageTemperature", "..\..\..\..\source\repos\Pa5ha\NewRepo\012(2)_AverageTemperature\012(2)_AverageTemperature.csproj", "{03497D98-760D-4CAB-B9C7-1454336FE10B}"
EndProject
Project("{FAE04EC0-301F-11D3-BF4B-00C04F79EFBC}") = "012(2)_TextProblem", "..\..\..\..\source\repos\Pa5ha\NewRepo\012(2)_TextProblem\012(2)_TextProblem.csproj", "{4455849D-E710-4453-878F-BBC680911F94}"
EndProject
Project("{FAE04EC0-301F-11D3-BF4B-00C04F79EFBC}") = "013(1)_ConsoleColors", "..\..\..\..\source\repos\Pa5ha\NewRepo\013(1)_ConsoleColors\013(1)_ConsoleColors.csproj", "{CE281122-B161-43B1-9A94-012BB0AB1A63}"
EndProject
Project("{FAE04EC0-301F-11D3-BF4B-00C04F79EFBC}") = "013(2)_NotANumber", "..\..\..\..\source\repos\Pa5ha\NewRepo\013(2)_NotANumber\013(2)_NotANumber.csproj", "{93FBA3CF-0D36-4335-A733-F8978A898C65}"
EndProject
Project("{FAE04EC0-301F-11D3-BF4B-00C04F79EFBC}") = "013(3)_Priority", "..\..\..\..\source\repos\Pa5ha\NewRepo\013(3)_Priority\013(3)_Priority.csproj", "{0273CE2D-F9AA-42DA-B460-596F1C7BDCBF}"
EndProject
Project("{FAE04EC0-301F-11D3-BF4B-00C04F79EFBC}") = "013(4)_PriorityPostfixInc", "..\..\..\..\source\repos\Pa5ha\NewRepo\013(4)_PriorityPostfixInc\013(4)_PriorityPostfixInc.csproj", "{F7127A91-EB77-4B88-9C0A-AC47A57C0A63}"
EndProject
Project("{FAE04EC0-301F-11D3-BF4B-00C04F79EFBC}") = "014(1)_StringVariables", "..\..\..\..\source\repos\Pa5ha\NewRepo\014(1)_StringVariables\014(1)_StringVariables.csproj", "{CDB6D139-1192-4F9E-86A6-D09E4BA0F991}"
EndProject
Project("{FAE04EC0-301F-11D3-BF4B-00C04F79EFBC}") = "014(2)_ReadLine", "..\..\..\..\source\repos\Pa5ha\NewRepo\014(2)_ReadLine\014(2)_ReadLine.csproj", "{C69C19D9-8738-4007-806F-C1C7CC2F6B01}"
EndProject
Project("{FAE04EC0-301F-11D3-BF4B-00C04F79EFBC}") = "014(3)_CharacterVariables", "..\..\..\..\source\repos\Pa5ha\NewRepo\014(3)_CharacterVariables\014(3)_CharacterVariables.csproj", "{10F46860-C4D3-437B-A74D-927F4127F591}"
EndProject
Project("{FAE04EC0-301F-11D3-BF4B-00C04F79EFBC}") = "014(4)_CharSize", "..\..\..\..\source\repos\Pa5ha\NewRepo\014(4)_CharSize\014(4)_CharSize.csproj", "{536E3B56-7759-4F0B-B8DC-EE141ABD9081}"
EndProject
Project("{FAE04EC0-301F-11D3-BF4B-00C04F79EFBC}") = "014(5)_StringConversion", "..\..\..\..\source\repos\Pa5ha\NewRepo\014(5)_StringConversion\014(5)_StringConversion.csproj", "{6C46D29F-F463-4A5B-89EC-CB83860E3CDD}"
EndProject
Project("{FAE04EC0-301F-11D3-BF4B-00C04F79EFBC}") = "015(1)_Concatenation", "..\..\..\..\source\repos\Pa5ha\NewRepo\015(1)_Concatenation\015(1)_Concatenation.csproj", "{34BA0D1D-22D8-452C-A983-4587461F1012}"
EndProject
Project("{FAE04EC0-301F-11D3-BF4B-00C04F79EFBC}") = "015(2)_Calculator", "..\..\..\..\source\repos\Pa5ha\NewRepo\015(2)_Calculator\015(2)_Calculator.csproj", "{D1FB6A8F-CB2E-42EA-9BCE-F265CF068008}"
EndProject
Project("{FAE04EC0-301F-11D3-BF4B-00C04F79EFBC}") = "015(3)_FormattedOutput", "..\..\..\..\source\repos\Pa5ha\NewRepo\015(3)_FormattedOutput\015(3)_FormattedOutput.csproj", "{3BCBD7E3-8397-4836-B9C4-0C45A7CA7E2A}"
EndProject
Project("{FAE04EC0-301F-11D3-BF4B-00C04F79EFBC}") = "015(4)_FormatSpecifiers", "..\..\..\..\source\repos\Pa5ha\NewRepo\015(4)_FormatSpecifiers\015(4)_FormatSpecifiers.csproj", "{FF62F4C6-3A9D-416E-AA85-A8FB2E38851F}"
EndProject
Project("{FAE04EC0-301F-11D3-BF4B-00C04F79EFBC}") = "015(5)_RoundTrip", "..\..\..\..\source\repos\Pa5ha\NewRepo\015(5)_RoundTrip\015(5)_RoundTrip.csproj", "{804DAD46-A657-4A57-A1D9-409251AEFC67}"
EndProject
Project("{FAE04EC0-301F-11D3-BF4B-00C04F79EFBC}") = "015(6)_Interpolatio", "..\..\..\..\source\repos\Pa5ha\NewRepo\015(6)_Interpolatio\015(6)_Interpolatio.csproj", "{A98A0F64-28EE-4545-A591-67B92E30B114}"
EndProject
Project("{FAE04EC0-301F-11D3-BF4B-00C04F79EFBC}") = "015(7)_Interpolatio", "..\..\..\..\source\repos\Pa5ha\NewRepo\015(7)_Interpolatio\015(7)_Interpolatio.csproj", "{0644BA6D-87ED-4A9E-9F96-20DE925A1C13}"
EndProject
Project("{FAE04EC0-301F-11D3-BF4B-00C04F79EFBC}") = "015(8)_Interpolatio", "..\..\..\..\source\repos\Pa5ha\NewRepo\015(8)_Interpolatio\015(8)_Interpolatio.csproj", "{6519CCC9-D66B-414D-8C24-7E5863D3A7B9}"
EndProject
Project("{FAE04EC0-301F-11D3-BF4B-00C04F79EFBC}") = "015(9)_EscapeSequences", "..\..\..\..\source\repos\Pa5ha\NewRepo\015(9)_EscapeSequences\015(9)_EscapeSequences.csproj", "{6A362CE1-49EE-48B2-870B-9003E8681ABC}"
EndProject
Project("{FAE04EC0-301F-11D3-BF4B-00C04F79EFBC}") = "016(000)_LogicOperations", "..\..\..\..\source\repos\Pa5ha\NewRepo\016(000)_LogicOperations\016(000)_LogicOperations.csproj", "{8E81CDAE-3E0E-4BC7-9D2C-89C0C4BD140B}"
EndProject
Project("{FAE04EC0-301F-11D3-BF4B-00C04F79EFBC}") = "016(001)_ComparisonOperators", "..\..\..\..\source\repos\Pa5ha\NewRepo\016(001)_ComparisonOperators\016(001)_ComparisonOperators.csproj", "{7A05FC28-580B-420F-8C44-E4DA8976241C}"
EndProject
Project("{FAE04EC0-301F-11D3-BF4B-00C04F79EFBC}") = "017(001)_Negation", "..\..\..\..\source\repos\Pa5ha\NewRepo\017(001)_Negation\017(001)_Negation.csproj", "{1B5E30AF-5E0E-4846-8FF4-05A9E2D6832C}"
EndProject
Project("{FAE04EC0-301F-11D3-BF4B-00C04F79EFBC}") = "017(002)_NegationSample", "..\..\..\..\source\repos\Pa5ha\NewRepo\017(002)_NegationSample\017(002)_NegationSample.csproj", "{C6773B3D-8885-4533-9860-C1DEAD42CF00}"
EndProject
Project("{FAE04EC0-301F-11D3-BF4B-00C04F79EFBC}") = "017(3)_Conjunction", "..\..\..\..\source\repos\Pa5ha\NewRepo\017(3)_Conjunction\017(3)_Conjunction.csproj", "{FFBF4A56-8757-45A7-9953-0B2B4D7ED646}"
EndProject
Project("{FAE04EC0-301F-11D3-BF4B-00C04F79EFBC}") = "017(9)_Disjunction", "..\..\..\..\source\repos\Pa5ha\NewRepo\017(9)_Disjunction\017(9)_Disjunction.csproj", "{099F59FF-494A-4857-B677-1B89EDA85B92}"
EndProject
Project("{FAE04EC0-301F-11D3-BF4B-00C04F79EFBC}") = "017(10)_DisjunctionSample", "..\..\..\..\source\repos\Pa5ha\NewRepo\017(10)_DisjunctionSample\017(10)_DisjunctionSample.csproj", "{CD9B6484-FAC7-4560-A385-3B4ADAF989A5}"
EndProject
Project("{FAE04EC0-301F-11D3-BF4B-00C04F79EFBC}") = "017(11)_EvidenceConditionalDisjunction", "..\..\..\..\source\repos\Pa5ha\NewRepo\017(11)_EvidenceConditionalDisjunction\017(11)_EvidenceConditionalDisjunction.csproj", "{AB02B97C-BC65-45B7-BC78-9494F80A31D6}"
EndProject
Project("{FAE04EC0-301F-11D3-BF4B-00C04F79EFBC}") = "017(12)_XOR", "..\..\..\..\source\repos\Pa5ha\NewRepo\017(12)_XOR\017(12)_XOR.csproj", "{38C4AC8E-F417-4464-8EF8-C6918789C64E}"
EndProject
Project("{FAE04EC0-301F-11D3-BF4B-00C04F79EFBC}") = "017(13)_XorSample", "..\..\..\..\source\repos\Pa5ha\NewRepo\017(13)_XorSample\017(13)_XorSample.csproj", "{8EA3EAD0-6318-4D41-AC23-01E3DD34B1EA}"
EndProject
Project("{FAE04EC0-301F-11D3-BF4B-00C04F79EFBC}") = "018(01)_BitwiseComplementOperator", "..\NewRepo\018(01)_BitwiseComplementOperator\018(01)_BitwiseComplementOperator.csproj", "{172E1A3D-E75B-49DA-8283-F1898D24F5BE}"
EndProject
Project("{FAE04EC0-301F-11D3-BF4B-00C04F79EFBC}") = "018(02)_IntegerConjuction", "..\NewRepo\018(02)_IntegerConjuction\018(02)_IntegerConjuction.csproj", "{42E78DC7-80CD-42BA-992A-AF6C4C8421D0}"
EndProject
Project("{FAE04EC0-301F-11D3-BF4B-00C04F79EFBC}") = "018(3)_IntegerDisjunction", "..\NewRepo\018(3)_IntegerDisjunction\018(3)_IntegerDisjunction.csproj", "{2674C4AC-EA7D-4275-9125-8EEA95F42839}"
EndProject
Project("{FAE04EC0-301F-11D3-BF4B-00C04F79EFBC}") = "018(04)_IntegerExclusiveOr", "..\NewRepo\018(04)_IntegerExclusiveOr\018(04)_IntegerExclusiveOr.csproj", "{5AF756F2-B364-4CE3-8170-3D5A45C98640}"
EndProject
Project("{FAE04EC0-301F-11D3-BF4B-00C04F79EFBC}") = "019(01)_StrongTyping", "..\..\..\..\source\repos\Pa5ha\NewRepo\017(13)_XorSample\019(01)_StrongTyping\019(01)_StrongTyping.csproj", "{8AD8252B-595E-4EF0-B0AE-E809CDEBC1BB}"
EndProject
Project("{FAE04EC0-301F-11D3-BF4B-00C04F79EFBC}") = "018(05)_Shift", "..\..\..\..\source\repos\Pa5ha\NewRepo\018(05)_Shift\018(05)_Shift.csproj", "{A4AD7762-C9F5-447B-92E4-B60A3E212887}"
EndProject
Project("{FAE04EC0-301F-11D3-BF4B-00C04F79EFBC}") = "018(06)_NegativeShift", "..\..\..\..\source\repos\Pa5ha\NewRepo\018(06)_NegativeShift\018(06)_NegativeShift.csproj", "{560C1B86-5565-4F93-9258-48237138B6C5}"
EndProject
Project("{FAE04EC0-301F-11D3-BF4B-00C04F79EFBC}") = "019(02)_WeekTyping", "..\..\..\..\source\repos\Pa5ha\NewRepo\019(02)_WeekTyping\019(02)_WeekTyping.csproj", "{0657FDBB-C0A4-49F4-BB37-FB595D0A388A}"
EndProject
Project("{FAE04EC0-301F-11D3-BF4B-00C04F79EFBC}") = "019(03)_ImplicitlyTypedLocalVariables", "..\..\..\..\source\repos\Pa5ha\NewRepo\019(03)_ImplicitlyTypedLocalVariables\019(03)_ImplicitlyTypedLocalVariables.csproj", "{C60BB87B-B8E7-42C9-B522-124DEBFA0E8B}"
EndProject
Project("{FAE04EC0-301F-11D3-BF4B-00C04F79EFBC}") = "019(04)_Area", "..\..\..\..\source\repos\Pa5ha\NewRepo\019(04)_Area\019(04)_Area.csproj", "{C2E74AB3-4A4E-4388-89C8-C458975381FC}"
EndProject
Global
	GlobalSection(SolutionConfigurationPlatforms) = preSolution
		Debug|Any CPU = Debug|Any CPU
		Release|Any CPU = Release|Any CPU
	EndGlobalSection
	GlobalSection(ProjectConfigurationPlatforms) = postSolution
		{FC2764F3-E2D6-4EFB-9B1B-28F0EC361E4C}.Debug|Any CPU.ActiveCfg = Debug|Any CPU
		{FC2764F3-E2D6-4EFB-9B1B-28F0EC361E4C}.Debug|Any CPU.Build.0 = Debug|Any CPU
		{FC2764F3-E2D6-4EFB-9B1B-28F0EC361E4C}.Release|Any CPU.ActiveCfg = Release|Any CPU
		{FC2764F3-E2D6-4EFB-9B1B-28F0EC361E4C}.Release|Any CPU.Build.0 = Release|Any CPU
		{F75D6C8C-8EA7-4F14-8388-9467DD024DE1}.Debug|Any CPU.ActiveCfg = Debug|Any CPU
		{F75D6C8C-8EA7-4F14-8388-9467DD024DE1}.Debug|Any CPU.Build.0 = Debug|Any CPU
		{F75D6C8C-8EA7-4F14-8388-9467DD024DE1}.Release|Any CPU.ActiveCfg = Release|Any CPU
		{F75D6C8C-8EA7-4F14-8388-9467DD024DE1}.Release|Any CPU.Build.0 = Release|Any CPU
		{960BF559-2686-4F74-B3A8-4F8225CAECBA}.Debug|Any CPU.ActiveCfg = Debug|Any CPU
		{960BF559-2686-4F74-B3A8-4F8225CAECBA}.Debug|Any CPU.Build.0 = Debug|Any CPU
		{960BF559-2686-4F74-B3A8-4F8225CAECBA}.Release|Any CPU.ActiveCfg = Release|Any CPU
		{960BF559-2686-4F74-B3A8-4F8225CAECBA}.Release|Any CPU.Build.0 = Release|Any CPU
		{41D9DDC6-8F11-445C-BCF4-91C06EA3FC8F}.Debug|Any CPU.ActiveCfg = Debug|Any CPU
		{41D9DDC6-8F11-445C-BCF4-91C06EA3FC8F}.Debug|Any CPU.Build.0 = Debug|Any CPU
		{41D9DDC6-8F11-445C-BCF4-91C06EA3FC8F}.Release|Any CPU.ActiveCfg = Release|Any CPU
		{41D9DDC6-8F11-445C-BCF4-91C06EA3FC8F}.Release|Any CPU.Build.0 = Release|Any CPU
		{A7326805-CBED-47ED-B275-D8B9A49491EC}.Debug|Any CPU.ActiveCfg = Debug|Any CPU
		{A7326805-CBED-47ED-B275-D8B9A49491EC}.Debug|Any CPU.Build.0 = Debug|Any CPU
		{A7326805-CBED-47ED-B275-D8B9A49491EC}.Release|Any CPU.ActiveCfg = Release|Any CPU
		{A7326805-CBED-47ED-B275-D8B9A49491EC}.Release|Any CPU.Build.0 = Release|Any CPU
		{C1611157-B2C7-4E74-B268-8EA288E9FB5B}.Debug|Any CPU.ActiveCfg = Debug|Any CPU
		{C1611157-B2C7-4E74-B268-8EA288E9FB5B}.Debug|Any CPU.Build.0 = Debug|Any CPU
		{C1611157-B2C7-4E74-B268-8EA288E9FB5B}.Release|Any CPU.ActiveCfg = Release|Any CPU
		{C1611157-B2C7-4E74-B268-8EA288E9FB5B}.Release|Any CPU.Build.0 = Release|Any CPU
		{2564B180-D368-4450-8104-12AE4E6D4F5C}.Debug|Any CPU.ActiveCfg = Debug|Any CPU
		{2564B180-D368-4450-8104-12AE4E6D4F5C}.Debug|Any CPU.Build.0 = Debug|Any CPU
		{2564B180-D368-4450-8104-12AE4E6D4F5C}.Release|Any CPU.ActiveCfg = Release|Any CPU
		{2564B180-D368-4450-8104-12AE4E6D4F5C}.Release|Any CPU.Build.0 = Release|Any CPU
		{E9BD91D3-AF78-4DAE-B872-68F2B24E5F17}.Debug|Any CPU.ActiveCfg = Debug|Any CPU
		{E9BD91D3-AF78-4DAE-B872-68F2B24E5F17}.Debug|Any CPU.Build.0 = Debug|Any CPU
		{E9BD91D3-AF78-4DAE-B872-68F2B24E5F17}.Release|Any CPU.ActiveCfg = Release|Any CPU
		{E9BD91D3-AF78-4DAE-B872-68F2B24E5F17}.Release|Any CPU.Build.0 = Release|Any CPU
		{663002E1-13B9-42E8-816B-6A0BEFD42FE8}.Debug|Any CPU.ActiveCfg = Debug|Any CPU
		{663002E1-13B9-42E8-816B-6A0BEFD42FE8}.Debug|Any CPU.Build.0 = Debug|Any CPU
		{663002E1-13B9-42E8-816B-6A0BEFD42FE8}.Release|Any CPU.ActiveCfg = Release|Any CPU
		{663002E1-13B9-42E8-816B-6A0BEFD42FE8}.Release|Any CPU.Build.0 = Release|Any CPU
		{9A656579-3184-437C-ADAD-2A8CD3052586}.Debug|Any CPU.ActiveCfg = Debug|Any CPU
		{9A656579-3184-437C-ADAD-2A8CD3052586}.Debug|Any CPU.Build.0 = Debug|Any CPU
		{9A656579-3184-437C-ADAD-2A8CD3052586}.Release|Any CPU.ActiveCfg = Release|Any CPU
		{9A656579-3184-437C-ADAD-2A8CD3052586}.Release|Any CPU.Build.0 = Release|Any CPU
		{D6074A85-01C8-4FC5-8836-764FFD32F124}.Debug|Any CPU.ActiveCfg = Debug|Any CPU
		{D6074A85-01C8-4FC5-8836-764FFD32F124}.Debug|Any CPU.Build.0 = Debug|Any CPU
		{D6074A85-01C8-4FC5-8836-764FFD32F124}.Release|Any CPU.ActiveCfg = Release|Any CPU
		{D6074A85-01C8-4FC5-8836-764FFD32F124}.Release|Any CPU.Build.0 = Release|Any CPU
		{9C051F27-4FBD-4A03-A158-6D65459E7A06}.Debug|Any CPU.ActiveCfg = Debug|Any CPU
		{9C051F27-4FBD-4A03-A158-6D65459E7A06}.Debug|Any CPU.Build.0 = Debug|Any CPU
		{9C051F27-4FBD-4A03-A158-6D65459E7A06}.Release|Any CPU.ActiveCfg = Release|Any CPU
		{9C051F27-4FBD-4A03-A158-6D65459E7A06}.Release|Any CPU.Build.0 = Release|Any CPU
		{99163656-AD0C-4EBA-9D97-A555CDEA63F7}.Debug|Any CPU.ActiveCfg = Debug|Any CPU
		{99163656-AD0C-4EBA-9D97-A555CDEA63F7}.Debug|Any CPU.Build.0 = Debug|Any CPU
		{99163656-AD0C-4EBA-9D97-A555CDEA63F7}.Release|Any CPU.ActiveCfg = Release|Any CPU
		{99163656-AD0C-4EBA-9D97-A555CDEA63F7}.Release|Any CPU.Build.0 = Release|Any CPU
		{97A43173-FD10-41DA-884E-0E8D02685D7C}.Debug|Any CPU.ActiveCfg = Debug|Any CPU
		{97A43173-FD10-41DA-884E-0E8D02685D7C}.Debug|Any CPU.Build.0 = Debug|Any CPU
		{97A43173-FD10-41DA-884E-0E8D02685D7C}.Release|Any CPU.ActiveCfg = Release|Any CPU
		{97A43173-FD10-41DA-884E-0E8D02685D7C}.Release|Any CPU.Build.0 = Release|Any CPU
		{F0F16FE5-6B1E-4C7B-AAAC-5D3AD0A79D35}.Debug|Any CPU.ActiveCfg = Debug|Any CPU
		{F0F16FE5-6B1E-4C7B-AAAC-5D3AD0A79D35}.Debug|Any CPU.Build.0 = Debug|Any CPU
		{F0F16FE5-6B1E-4C7B-AAAC-5D3AD0A79D35}.Release|Any CPU.ActiveCfg = Release|Any CPU
		{F0F16FE5-6B1E-4C7B-AAAC-5D3AD0A79D35}.Release|Any CPU.Build.0 = Release|Any CPU
		{CEA05C95-0234-4A52-BAAF-8FEC09F2EDE6}.Debug|Any CPU.ActiveCfg = Debug|Any CPU
		{CEA05C95-0234-4A52-BAAF-8FEC09F2EDE6}.Debug|Any CPU.Build.0 = Debug|Any CPU
		{CEA05C95-0234-4A52-BAAF-8FEC09F2EDE6}.Release|Any CPU.ActiveCfg = Release|Any CPU
		{CEA05C95-0234-4A52-BAAF-8FEC09F2EDE6}.Release|Any CPU.Build.0 = Release|Any CPU
		{03497D98-760D-4CAB-B9C7-1454336FE10B}.Debug|Any CPU.ActiveCfg = Debug|Any CPU
		{03497D98-760D-4CAB-B9C7-1454336FE10B}.Debug|Any CPU.Build.0 = Debug|Any CPU
		{03497D98-760D-4CAB-B9C7-1454336FE10B}.Release|Any CPU.ActiveCfg = Release|Any CPU
		{03497D98-760D-4CAB-B9C7-1454336FE10B}.Release|Any CPU.Build.0 = Release|Any CPU
		{4455849D-E710-4453-878F-BBC680911F94}.Debug|Any CPU.ActiveCfg = Debug|Any CPU
		{4455849D-E710-4453-878F-BBC680911F94}.Debug|Any CPU.Build.0 = Debug|Any CPU
		{4455849D-E710-4453-878F-BBC680911F94}.Release|Any CPU.ActiveCfg = Release|Any CPU
		{4455849D-E710-4453-878F-BBC680911F94}.Release|Any CPU.Build.0 = Release|Any CPU
		{CE281122-B161-43B1-9A94-012BB0AB1A63}.Debug|Any CPU.ActiveCfg = Debug|Any CPU
		{CE281122-B161-43B1-9A94-012BB0AB1A63}.Debug|Any CPU.Build.0 = Debug|Any CPU
		{CE281122-B161-43B1-9A94-012BB0AB1A63}.Release|Any CPU.ActiveCfg = Release|Any CPU
		{CE281122-B161-43B1-9A94-012BB0AB1A63}.Release|Any CPU.Build.0 = Release|Any CPU
		{93FBA3CF-0D36-4335-A733-F8978A898C65}.Debug|Any CPU.ActiveCfg = Debug|Any CPU
		{93FBA3CF-0D36-4335-A733-F8978A898C65}.Debug|Any CPU.Build.0 = Debug|Any CPU
		{93FBA3CF-0D36-4335-A733-F8978A898C65}.Release|Any CPU.ActiveCfg = Release|Any CPU
		{93FBA3CF-0D36-4335-A733-F8978A898C65}.Release|Any CPU.Build.0 = Release|Any CPU
		{0273CE2D-F9AA-42DA-B460-596F1C7BDCBF}.Debug|Any CPU.ActiveCfg = Debug|Any CPU
		{0273CE2D-F9AA-42DA-B460-596F1C7BDCBF}.Debug|Any CPU.Build.0 = Debug|Any CPU
		{0273CE2D-F9AA-42DA-B460-596F1C7BDCBF}.Release|Any CPU.ActiveCfg = Release|Any CPU
		{0273CE2D-F9AA-42DA-B460-596F1C7BDCBF}.Release|Any CPU.Build.0 = Release|Any CPU
		{F7127A91-EB77-4B88-9C0A-AC47A57C0A63}.Debug|Any CPU.ActiveCfg = Debug|Any CPU
		{F7127A91-EB77-4B88-9C0A-AC47A57C0A63}.Debug|Any CPU.Build.0 = Debug|Any CPU
		{F7127A91-EB77-4B88-9C0A-AC47A57C0A63}.Release|Any CPU.ActiveCfg = Release|Any CPU
		{F7127A91-EB77-4B88-9C0A-AC47A57C0A63}.Release|Any CPU.Build.0 = Release|Any CPU
		{CDB6D139-1192-4F9E-86A6-D09E4BA0F991}.Debug|Any CPU.ActiveCfg = Debug|Any CPU
		{CDB6D139-1192-4F9E-86A6-D09E4BA0F991}.Debug|Any CPU.Build.0 = Debug|Any CPU
		{CDB6D139-1192-4F9E-86A6-D09E4BA0F991}.Release|Any CPU.ActiveCfg = Release|Any CPU
		{CDB6D139-1192-4F9E-86A6-D09E4BA0F991}.Release|Any CPU.Build.0 = Release|Any CPU
		{C69C19D9-8738-4007-806F-C1C7CC2F6B01}.Debug|Any CPU.ActiveCfg = Debug|Any CPU
		{C69C19D9-8738-4007-806F-C1C7CC2F6B01}.Debug|Any CPU.Build.0 = Debug|Any CPU
		{C69C19D9-8738-4007-806F-C1C7CC2F6B01}.Release|Any CPU.ActiveCfg = Release|Any CPU
		{C69C19D9-8738-4007-806F-C1C7CC2F6B01}.Release|Any CPU.Build.0 = Release|Any CPU
		{10F46860-C4D3-437B-A74D-927F4127F591}.Debug|Any CPU.ActiveCfg = Debug|Any CPU
		{10F46860-C4D3-437B-A74D-927F4127F591}.Debug|Any CPU.Build.0 = Debug|Any CPU
		{10F46860-C4D3-437B-A74D-927F4127F591}.Release|Any CPU.ActiveCfg = Release|Any CPU
		{10F46860-C4D3-437B-A74D-927F4127F591}.Release|Any CPU.Build.0 = Release|Any CPU
		{536E3B56-7759-4F0B-B8DC-EE141ABD9081}.Debug|Any CPU.ActiveCfg = Debug|Any CPU
		{536E3B56-7759-4F0B-B8DC-EE141ABD9081}.Debug|Any CPU.Build.0 = Debug|Any CPU
		{536E3B56-7759-4F0B-B8DC-EE141ABD9081}.Release|Any CPU.ActiveCfg = Release|Any CPU
		{536E3B56-7759-4F0B-B8DC-EE141ABD9081}.Release|Any CPU.Build.0 = Release|Any CPU
		{6C46D29F-F463-4A5B-89EC-CB83860E3CDD}.Debug|Any CPU.ActiveCfg = Debug|Any CPU
		{6C46D29F-F463-4A5B-89EC-CB83860E3CDD}.Debug|Any CPU.Build.0 = Debug|Any CPU
		{6C46D29F-F463-4A5B-89EC-CB83860E3CDD}.Release|Any CPU.ActiveCfg = Release|Any CPU
		{6C46D29F-F463-4A5B-89EC-CB83860E3CDD}.Release|Any CPU.Build.0 = Release|Any CPU
		{34BA0D1D-22D8-452C-A983-4587461F1012}.Debug|Any CPU.ActiveCfg = Debug|Any CPU
		{34BA0D1D-22D8-452C-A983-4587461F1012}.Debug|Any CPU.Build.0 = Debug|Any CPU
		{34BA0D1D-22D8-452C-A983-4587461F1012}.Release|Any CPU.ActiveCfg = Release|Any CPU
		{34BA0D1D-22D8-452C-A983-4587461F1012}.Release|Any CPU.Build.0 = Release|Any CPU
		{D1FB6A8F-CB2E-42EA-9BCE-F265CF068008}.Debug|Any CPU.ActiveCfg = Debug|Any CPU
		{D1FB6A8F-CB2E-42EA-9BCE-F265CF068008}.Debug|Any CPU.Build.0 = Debug|Any CPU
		{D1FB6A8F-CB2E-42EA-9BCE-F265CF068008}.Release|Any CPU.ActiveCfg = Release|Any CPU
		{D1FB6A8F-CB2E-42EA-9BCE-F265CF068008}.Release|Any CPU.Build.0 = Release|Any CPU
		{3BCBD7E3-8397-4836-B9C4-0C45A7CA7E2A}.Debug|Any CPU.ActiveCfg = Debug|Any CPU
		{3BCBD7E3-8397-4836-B9C4-0C45A7CA7E2A}.Debug|Any CPU.Build.0 = Debug|Any CPU
		{3BCBD7E3-8397-4836-B9C4-0C45A7CA7E2A}.Release|Any CPU.ActiveCfg = Release|Any CPU
		{3BCBD7E3-8397-4836-B9C4-0C45A7CA7E2A}.Release|Any CPU.Build.0 = Release|Any CPU
		{FF62F4C6-3A9D-416E-AA85-A8FB2E38851F}.Debug|Any CPU.ActiveCfg = Debug|Any CPU
		{FF62F4C6-3A9D-416E-AA85-A8FB2E38851F}.Debug|Any CPU.Build.0 = Debug|Any CPU
		{FF62F4C6-3A9D-416E-AA85-A8FB2E38851F}.Release|Any CPU.ActiveCfg = Release|Any CPU
		{FF62F4C6-3A9D-416E-AA85-A8FB2E38851F}.Release|Any CPU.Build.0 = Release|Any CPU
		{804DAD46-A657-4A57-A1D9-409251AEFC67}.Debug|Any CPU.ActiveCfg = Debug|Any CPU
		{804DAD46-A657-4A57-A1D9-409251AEFC67}.Debug|Any CPU.Build.0 = Debug|Any CPU
		{804DAD46-A657-4A57-A1D9-409251AEFC67}.Release|Any CPU.ActiveCfg = Release|Any CPU
		{804DAD46-A657-4A57-A1D9-409251AEFC67}.Release|Any CPU.Build.0 = Release|Any CPU
		{A98A0F64-28EE-4545-A591-67B92E30B114}.Debug|Any CPU.ActiveCfg = Debug|Any CPU
		{A98A0F64-28EE-4545-A591-67B92E30B114}.Debug|Any CPU.Build.0 = Debug|Any CPU
		{A98A0F64-28EE-4545-A591-67B92E30B114}.Release|Any CPU.ActiveCfg = Release|Any CPU
		{A98A0F64-28EE-4545-A591-67B92E30B114}.Release|Any CPU.Build.0 = Release|Any CPU
		{0644BA6D-87ED-4A9E-9F96-20DE925A1C13}.Debug|Any CPU.ActiveCfg = Debug|Any CPU
		{0644BA6D-87ED-4A9E-9F96-20DE925A1C13}.Debug|Any CPU.Build.0 = Debug|Any CPU
		{0644BA6D-87ED-4A9E-9F96-20DE925A1C13}.Release|Any CPU.ActiveCfg = Release|Any CPU
		{0644BA6D-87ED-4A9E-9F96-20DE925A1C13}.Release|Any CPU.Build.0 = Release|Any CPU
		{6519CCC9-D66B-414D-8C24-7E5863D3A7B9}.Debug|Any CPU.ActiveCfg = Debug|Any CPU
		{6519CCC9-D66B-414D-8C24-7E5863D3A7B9}.Debug|Any CPU.Build.0 = Debug|Any CPU
		{6519CCC9-D66B-414D-8C24-7E5863D3A7B9}.Release|Any CPU.ActiveCfg = Release|Any CPU
		{6519CCC9-D66B-414D-8C24-7E5863D3A7B9}.Release|Any CPU.Build.0 = Release|Any CPU
		{6A362CE1-49EE-48B2-870B-9003E8681ABC}.Debug|Any CPU.ActiveCfg = Debug|Any CPU
		{6A362CE1-49EE-48B2-870B-9003E8681ABC}.Debug|Any CPU.Build.0 = Debug|Any CPU
		{6A362CE1-49EE-48B2-870B-9003E8681ABC}.Release|Any CPU.ActiveCfg = Release|Any CPU
		{6A362CE1-49EE-48B2-870B-9003E8681ABC}.Release|Any CPU.Build.0 = Release|Any CPU
		{8E81CDAE-3E0E-4BC7-9D2C-89C0C4BD140B}.Debug|Any CPU.ActiveCfg = Debug|Any CPU
		{8E81CDAE-3E0E-4BC7-9D2C-89C0C4BD140B}.Debug|Any CPU.Build.0 = Debug|Any CPU
		{8E81CDAE-3E0E-4BC7-9D2C-89C0C4BD140B}.Release|Any CPU.ActiveCfg = Release|Any CPU
		{8E81CDAE-3E0E-4BC7-9D2C-89C0C4BD140B}.Release|Any CPU.Build.0 = Release|Any CPU
		{7A05FC28-580B-420F-8C44-E4DA8976241C}.Debug|Any CPU.ActiveCfg = Debug|Any CPU
		{7A05FC28-580B-420F-8C44-E4DA8976241C}.Debug|Any CPU.Build.0 = Debug|Any CPU
		{7A05FC28-580B-420F-8C44-E4DA8976241C}.Release|Any CPU.ActiveCfg = Release|Any CPU
		{7A05FC28-580B-420F-8C44-E4DA8976241C}.Release|Any CPU.Build.0 = Release|Any CPU
		{1B5E30AF-5E0E-4846-8FF4-05A9E2D6832C}.Debug|Any CPU.ActiveCfg = Debug|Any CPU
		{1B5E30AF-5E0E-4846-8FF4-05A9E2D6832C}.Debug|Any CPU.Build.0 = Debug|Any CPU
		{1B5E30AF-5E0E-4846-8FF4-05A9E2D6832C}.Release|Any CPU.ActiveCfg = Release|Any CPU
		{1B5E30AF-5E0E-4846-8FF4-05A9E2D6832C}.Release|Any CPU.Build.0 = Release|Any CPU
		{C6773B3D-8885-4533-9860-C1DEAD42CF00}.Debug|Any CPU.ActiveCfg = Debug|Any CPU
		{C6773B3D-8885-4533-9860-C1DEAD42CF00}.Debug|Any CPU.Build.0 = Debug|Any CPU
		{C6773B3D-8885-4533-9860-C1DEAD42CF00}.Release|Any CPU.ActiveCfg = Release|Any CPU
		{C6773B3D-8885-4533-9860-C1DEAD42CF00}.Release|Any CPU.Build.0 = Release|Any CPU
		{FFBF4A56-8757-45A7-9953-0B2B4D7ED646}.Debug|Any CPU.ActiveCfg = Debug|Any CPU
		{FFBF4A56-8757-45A7-9953-0B2B4D7ED646}.Debug|Any CPU.Build.0 = Debug|Any CPU
		{FFBF4A56-8757-45A7-9953-0B2B4D7ED646}.Release|Any CPU.ActiveCfg = Release|Any CPU
		{FFBF4A56-8757-45A7-9953-0B2B4D7ED646}.Release|Any CPU.Build.0 = Release|Any CPU
		{099F59FF-494A-4857-B677-1B89EDA85B92}.Debug|Any CPU.ActiveCfg = Debug|Any CPU
		{099F59FF-494A-4857-B677-1B89EDA85B92}.Debug|Any CPU.Build.0 = Debug|Any CPU
		{099F59FF-494A-4857-B677-1B89EDA85B92}.Release|Any CPU.ActiveCfg = Release|Any CPU
		{099F59FF-494A-4857-B677-1B89EDA85B92}.Release|Any CPU.Build.0 = Release|Any CPU
		{CD9B6484-FAC7-4560-A385-3B4ADAF989A5}.Debug|Any CPU.ActiveCfg = Debug|Any CPU
		{CD9B6484-FAC7-4560-A385-3B4ADAF989A5}.Debug|Any CPU.Build.0 = Debug|Any CPU
		{CD9B6484-FAC7-4560-A385-3B4ADAF989A5}.Release|Any CPU.ActiveCfg = Release|Any CPU
		{CD9B6484-FAC7-4560-A385-3B4ADAF989A5}.Release|Any CPU.Build.0 = Release|Any CPU
		{AB02B97C-BC65-45B7-BC78-9494F80A31D6}.Debug|Any CPU.ActiveCfg = Debug|Any CPU
		{AB02B97C-BC65-45B7-BC78-9494F80A31D6}.Debug|Any CPU.Build.0 = Debug|Any CPU
		{AB02B97C-BC65-45B7-BC78-9494F80A31D6}.Release|Any CPU.ActiveCfg = Release|Any CPU
		{AB02B97C-BC65-45B7-BC78-9494F80A31D6}.Release|Any CPU.Build.0 = Release|Any CPU
		{38C4AC8E-F417-4464-8EF8-C6918789C64E}.Debug|Any CPU.ActiveCfg = Debug|Any CPU
		{38C4AC8E-F417-4464-8EF8-C6918789C64E}.Debug|Any CPU.Build.0 = Debug|Any CPU
		{38C4AC8E-F417-4464-8EF8-C6918789C64E}.Release|Any CPU.ActiveCfg = Release|Any CPU
		{38C4AC8E-F417-4464-8EF8-C6918789C64E}.Release|Any CPU.Build.0 = Release|Any CPU
		{8EA3EAD0-6318-4D41-AC23-01E3DD34B1EA}.Debug|Any CPU.ActiveCfg = Debug|Any CPU
		{8EA3EAD0-6318-4D41-AC23-01E3DD34B1EA}.Debug|Any CPU.Build.0 = Debug|Any CPU
		{8EA3EAD0-6318-4D41-AC23-01E3DD34B1EA}.Release|Any CPU.ActiveCfg = Release|Any CPU
		{8EA3EAD0-6318-4D41-AC23-01E3DD34B1EA}.Release|Any CPU.Build.0 = Release|Any CPU
		{172E1A3D-E75B-49DA-8283-F1898D24F5BE}.Debug|Any CPU.ActiveCfg = Debug|Any CPU
		{172E1A3D-E75B-49DA-8283-F1898D24F5BE}.Debug|Any CPU.Build.0 = Debug|Any CPU
		{172E1A3D-E75B-49DA-8283-F1898D24F5BE}.Release|Any CPU.ActiveCfg = Release|Any CPU
		{172E1A3D-E75B-49DA-8283-F1898D24F5BE}.Release|Any CPU.Build.0 = Release|Any CPU
		{42E78DC7-80CD-42BA-992A-AF6C4C8421D0}.Debug|Any CPU.ActiveCfg = Debug|Any CPU
		{42E78DC7-80CD-42BA-992A-AF6C4C8421D0}.Debug|Any CPU.Build.0 = Debug|Any CPU
		{42E78DC7-80CD-42BA-992A-AF6C4C8421D0}.Release|Any CPU.ActiveCfg = Release|Any CPU
		{42E78DC7-80CD-42BA-992A-AF6C4C8421D0}.Release|Any CPU.Build.0 = Release|Any CPU
		{2674C4AC-EA7D-4275-9125-8EEA95F42839}.Debug|Any CPU.ActiveCfg = Debug|Any CPU
		{2674C4AC-EA7D-4275-9125-8EEA95F42839}.Debug|Any CPU.Build.0 = Debug|Any CPU
		{2674C4AC-EA7D-4275-9125-8EEA95F42839}.Release|Any CPU.ActiveCfg = Release|Any CPU
		{2674C4AC-EA7D-4275-9125-8EEA95F42839}.Release|Any CPU.Build.0 = Release|Any CPU
		{5AF756F2-B364-4CE3-8170-3D5A45C98640}.Debug|Any CPU.ActiveCfg = Debug|Any CPU
		{5AF756F2-B364-4CE3-8170-3D5A45C98640}.Debug|Any CPU.Build.0 = Debug|Any CPU
		{5AF756F2-B364-4CE3-8170-3D5A45C98640}.Release|Any CPU.ActiveCfg = Release|Any CPU
		{5AF756F2-B364-4CE3-8170-3D5A45C98640}.Release|Any CPU.Build.0 = Release|Any CPU
		{8AD8252B-595E-4EF0-B0AE-E809CDEBC1BB}.Debug|Any CPU.ActiveCfg = Debug|Any CPU
		{8AD8252B-595E-4EF0-B0AE-E809CDEBC1BB}.Debug|Any CPU.Build.0 = Debug|Any CPU
		{8AD8252B-595E-4EF0-B0AE-E809CDEBC1BB}.Release|Any CPU.ActiveCfg = Release|Any CPU
		{8AD8252B-595E-4EF0-B0AE-E809CDEBC1BB}.Release|Any CPU.Build.0 = Release|Any CPU
		{A4AD7762-C9F5-447B-92E4-B60A3E212887}.Debug|Any CPU.ActiveCfg = Debug|Any CPU
		{A4AD7762-C9F5-447B-92E4-B60A3E212887}.Debug|Any CPU.Build.0 = Debug|Any CPU
		{A4AD7762-C9F5-447B-92E4-B60A3E212887}.Release|Any CPU.ActiveCfg = Release|Any CPU
		{A4AD7762-C9F5-447B-92E4-B60A3E212887}.Release|Any CPU.Build.0 = Release|Any CPU
		{560C1B86-5565-4F93-9258-48237138B6C5}.Debug|Any CPU.ActiveCfg = Debug|Any CPU
		{560C1B86-5565-4F93-9258-48237138B6C5}.Debug|Any CPU.Build.0 = Debug|Any CPU
		{560C1B86-5565-4F93-9258-48237138B6C5}.Release|Any CPU.ActiveCfg = Release|Any CPU
		{560C1B86-5565-4F93-9258-48237138B6C5}.Release|Any CPU.Build.0 = Release|Any CPU
		{0657FDBB-C0A4-49F4-BB37-FB595D0A388A}.Debug|Any CPU.ActiveCfg = Debug|Any CPU
		{0657FDBB-C0A4-49F4-BB37-FB595D0A388A}.Debug|Any CPU.Build.0 = Debug|Any CPU
		{0657FDBB-C0A4-49F4-BB37-FB595D0A388A}.Release|Any CPU.ActiveCfg = Release|Any CPU
		{0657FDBB-C0A4-49F4-BB37-FB595D0A388A}.Release|Any CPU.Build.0 = Release|Any CPU
		{C60BB87B-B8E7-42C9-B522-124DEBFA0E8B}.Debug|Any CPU.ActiveCfg = Debug|Any CPU
		{C60BB87B-B8E7-42C9-B522-124DEBFA0E8B}.Debug|Any CPU.Build.0 = Debug|Any CPU
		{C60BB87B-B8E7-42C9-B522-124DEBFA0E8B}.Release|Any CPU.ActiveCfg = Release|Any CPU
		{C60BB87B-B8E7-42C9-B522-124DEBFA0E8B}.Release|Any CPU.Build.0 = Release|Any CPU
		{C2E74AB3-4A4E-4388-89C8-C458975381FC}.Debug|Any CPU.ActiveCfg = Debug|Any CPU
		{C2E74AB3-4A4E-4388-89C8-C458975381FC}.Debug|Any CPU.Build.0 = Debug|Any CPU
		{C2E74AB3-4A4E-4388-89C8-C458975381FC}.Release|Any CPU.ActiveCfg = Release|Any CPU
		{C2E74AB3-4A4E-4388-89C8-C458975381FC}.Release|Any CPU.Build.0 = Release|Any CPU
	EndGlobalSection
	GlobalSection(SolutionProperties) = preSolution
		HideSolutionNode = FALSE
	EndGlobalSection
	GlobalSection(ExtensibilityGlobals) = postSolution
		SolutionGuid = {C62F66FF-75F2-4102-A7A7-0AE4173ADD07}
	EndGlobalSection
EndGlobal
